
Microsoft Visual Studio Solution File, Format Version 12.00
# Visual Studio Version 17
VisualStudioVersion = 17.14.37012.4 d17.14
MinimumVisualStudioVersion = 10.0.40219.1
Project("{8BC9CEB8-8B4A-11D0-8D11-00A0C91BC942}") = "LeetCode_Hot_100", "LeetCode_Hot_100\LeetCode_Hot_100.vcxproj", "{68477366-D337-4E9C-B82C-A06ECFA2CE65}"
EndProject
Global
	GlobalSection(SolutionConfigurationPlatforms) = preSolution
		Debug|x64 = Debug|x64
		Debug|x86 = Debug|x86
		Release|x64 = Release|x64
		Release|x86 = Release|x86
	EndGlobalSection
	GlobalSection(ProjectConfigurationPlatforms) = postSolution
		{68477366-D337-4E9C-B82C-A06ECFA2CE65}.Debug|x64.ActiveCfg = Debug|x64
		{68477366-D337-4E9C-B82C-A06ECFA2CE65}.Debug|x64.Build.0 = Debug|x64
		{68477366-D337-4E9C-B82C-A06ECFA2CE65}.Debug|x86.ActiveCfg = Debug|Win32
		{68477366-D337-4E9C-B82C-A06ECFA2CE65}.Debug|x86.Build.0 = Debug|Win32
		{68477366-D337-4E9C-B82C-A06ECFA2CE65}.Release|x64.ActiveCfg = Release|x64
		{68477366-D337-4E9C-B82C-A06ECFA2CE65}.Release|x64.Build.0 = Release|x64
		{68477366-D337-4E9C-B82C-A06ECFA2CE65}.Release|x86.ActiveCfg = Release|Win32
		{68477366-D337-4E9C-B82C-A06ECFA2CE65}.Release|x86.Build.0 = Release|Win32
	EndGlobalSection
	GlobalSection(SolutionProperties) = preSolution
		HideSolutionNode = FALSE
	EndGlobalSection
	GlobalSection(ExtensibilityGlobals) = postSolution
		SolutionGuid = {F8A5E7FD-AE5C-4D42-80C2-66647F165F2D}
	EndGlobalSection
EndGlobal
